
Microsoft Visual Studio Solution File, Format Version 12.00
# Visual Studio Version 17
VisualStudioVersion = 17.0.31815.197
MinimumVisualStudioVersion = 10.0.40219.1
Project("{FAE04EC0-301F-11D3-BF4B-00C04F79EFBC}") = "Notes.Android", "Notes\Notes.Android\Notes.Android.csproj", "{39826258-EDDF-4625-8FE2-3E64171ED40C}"
EndProject
Project("{FAE04EC0-301F-11D3-BF4B-00C04F79EFBC}") = "Notes.iOS", "Notes\Notes.iOS\Notes.iOS.csproj", "{9CF8FA04-B257-4BF7-9B25-CB3409B55C4C}"
EndProject
Project("{FAE04EC0-301F-11D3-BF4B-00C04F79EFBC}") = "Notes", "Notes\Notes\Notes.csproj", "{A1B66B15-BDA3-4317-ACEF-6F0A348526A0}"
EndProject
Global
	GlobalSection(SolutionConfigurationPlatforms) = preSolution
		Debug|Any CPU = Debug|Any CPU
		Debug|iPhone = Debug|iPhone
		Debug|iPhoneSimulator = Debug|iPhoneSimulator
		Release|Any CPU = Release|Any CPU
		Release|iPhone = Release|iPhone
		Release|iPhoneSimulator = Release|iPhoneSimulator
	EndGlobalSection
	GlobalSection(ProjectConfigurationPlatforms) = postSolution
		{39826258-EDDF-4625-8FE2-3E64171ED40C}.Debug|Any CPU.ActiveCfg = Debug|Any CPU
		{39826258-EDDF-4625-8FE2-3E64171ED40C}.Debug|Any CPU.Build.0 = Debug|Any CPU
		{39826258-EDDF-4625-8FE2-3E64171ED40C}.Debug|Any CPU.Deploy.0 = Debug|Any CPU
		{39826258-EDDF-4625-8FE2-3E64171ED40C}.Debug|iPhone.ActiveCfg = Debug|Any CPU
		{39826258-EDDF-4625-8FE2-3E64171ED40C}.Debug|iPhone.Build.0 = Debug|Any CPU
		{39826258-EDDF-4625-8FE2-3E64171ED40C}.Debug|iPhone.Deploy.0 = Debug|Any CPU
		{39826258-EDDF-4625-8FE2-3E64171ED40C}.Debug|iPhoneSimulator.ActiveCfg = Debug|Any CPU
		{39826258-EDDF-4625-8FE2-3E64171ED40C}.Debug|iPhoneSimulator.Build.0 = Debug|Any CPU
		{39826258-EDDF-4625-8FE2-3E64171ED40C}.Debug|iPhoneSimulator.Deploy.0 = Debug|Any CPU
		{39826258-EDDF-4625-8FE2-3E64171ED40C}.Release|Any CPU.ActiveCfg = Release|Any CPU
		{39826258-EDDF-4625-8FE2-3E64171ED40C}.Release|Any CPU.Build.0 = Release|Any CPU
		{39826258-EDDF-4625-8FE2-3E64171ED40C}.Release|Any CPU.Deploy.0 = Release|Any CPU
		{39826258-EDDF-4625-8FE2-3E64171ED40C}.Release|iPhone.ActiveCfg = Release|Any CPU
		{39826258-EDDF-4625-8FE2-3E64171ED40C}.Release|iPhone.Build.0 = Release|Any CPU
		{39826258-EDDF-4625-8FE2-3E64171ED40C}.Release|iPhone.Deploy.0 = Release|Any CPU
		{39826258-EDDF-4625-8FE2-3E64171ED40C}.Release|iPhoneSimulator.ActiveCfg = Release|Any CPU
		{39826258-EDDF-4625-8FE2-3E64171ED40C}.Release|iPhoneSimulator.Build.0 = Release|Any CPU
		{39826258-EDDF-4625-8FE2-3E64171ED40C}.Release|iPhoneSimulator.Deploy.0 = Release|Any CPU
		{9CF8FA04-B257-4BF7-9B25-CB3409B55C4C}.Debug|Any CPU.ActiveCfg = Debug|iPhone
		{9CF8FA04-B257-4BF7-9B25-CB3409B55C4C}.Debug|Any CPU.Build.0 = Debug|iPhone
		{9CF8FA04-B257-4BF7-9B25-CB3409B55C4C}.Debug|Any CPU.Deploy.0 = Debug|iPhone
		{9CF8FA04-B257-4BF7-9B25-CB3409B55C4C}.Debug|iPhone.ActiveCfg = Debug|iPhone
		{9CF8FA04-B257-4BF7-9B25-CB3409B55C4C}.Debug|iPhone.Build.0 = Debug|iPhone
		{9CF8FA04-B257-4BF7-9B25-CB3409B55C4C}.Debug|iPhone.Deploy.0 = Debug|iPhone
		{9CF8FA04-B257-4BF7-9B25-CB3409B55C4C}.Debug|iPhoneSimulator.ActiveCfg = Debug|iPhoneSimulator
		{9CF8FA04-B257-4BF7-9B25-CB3409B55C4C}.Debug|iPhoneSimulator.Build.0 = Debug|iPhoneSimulator
		{9CF8FA04-B257-4BF7-9B25-CB3409B55C4C}.Debug|iPhoneSimulator.Deploy.0 = Debug|iPhoneSimulator
		{9CF8FA04-B257-4BF7-9B25-CB3409B55C4C}.Release|Any CPU.ActiveCfg = Release|iPhoneSimulator
		{9CF8FA04-B257-4BF7-9B25-CB3409B55C4C}.Release|Any CPU.Build.0 = Release|iPhoneSimulator
		{9CF8FA04-B257-4BF7-9B25-CB3409B55C4C}.Release|Any CPU.Deploy.0 = Release|iPhoneSimulator
		{9CF8FA04-B257-4BF7-9B25-CB3409B55C4C}.Release|iPhone.ActiveCfg = Release|iPhone
		{9CF8FA04-B257-4BF7-9B25-CB3409B55C4C}.Release|iPhone.Build.0 = Release|iPhone
		{9CF8FA04-B257-4BF7-9B25-CB3409B55C4C}.Release|iPhone.Deploy.0 = Release|iPhone
		{9CF8FA04-B257-4BF7-9B25-CB3409B55C4C}.Release|iPhoneSimulator.ActiveCfg = Release|iPhoneSimulator
		{9CF8FA04-B257-4BF7-9B25-CB3409B55C4C}.Release|iPhoneSimulator.Build.0 = Release|iPhoneSimulator
		{9CF8FA04-B257-4BF7-9B25-CB3409B55C4C}.Release|iPhoneSimulator.Deploy.0 = Release|iPhoneSimulator
		{A1B66B15-BDA3-4317-ACEF-6F0A348526A0}.Debug|Any CPU.ActiveCfg = Debug|Any CPU
		{A1B66B15-BDA3-4317-ACEF-6F0A348526A0}.Debug|Any CPU.Build.0 = Debug|Any CPU
		{A1B66B15-BDA3-4317-ACEF-6F0A348526A0}.Debug|Any CPU.Deploy.0 = Debug|Any CPU
		{A1B66B15-BDA3-4317-ACEF-6F0A348526A0}.Debug|iPhone.ActiveCfg = Debug|Any CPU
		{A1B66B15-BDA3-4317-ACEF-6F0A348526A0}.Debug|iPhone.Build.0 = Debug|Any CPU
		{A1B66B15-BDA3-4317-ACEF-6F0A348526A0}.Debug|iPhone.Deploy.0 = Debug|Any CPU
		{A1B66B15-BDA3-4317-ACEF-6F0A348526A0}.Debug|iPhoneSimulator.ActiveCfg = Debug|Any CPU
		{A1B66B15-BDA3-4317-ACEF-6F0A348526A0}.Debug|iPhoneSimulator.Build.0 = Debug|Any CPU
		{A1B66B15-BDA3-4317-ACEF-6F0A348526A0}.Debug|iPhoneSimulator.Deploy.0 = Debug|Any CPU
		{A1B66B15-BDA3-4317-ACEF-6F0A348526A0}.Release|Any CPU.ActiveCfg = Release|Any CPU
		{A1B66B15-BDA3-4317-ACEF-6F0A348526A0}.Release|Any CPU.Build.0 = Release|Any CPU
		{A1B66B15-BDA3-4317-ACEF-6F0A348526A0}.Release|Any CPU.Deploy.0 = Release|Any CPU
		{A1B66B15-BDA3-4317-ACEF-6F0A348526A0}.Release|iPhone.ActiveCfg = Release|Any CPU
		{A1B66B15-BDA3-4317-ACEF-6F0A348526A0}.Release|iPhone.Build.0 = Release|Any CPU
		{A1B66B15-BDA3-4317-ACEF-6F0A348526A0}.Release|iPhone.Deploy.0 = Release|Any CPU
		{A1B66B15-BDA3-4317-ACEF-6F0A348526A0}.Release|iPhoneSimulator.ActiveCfg = Release|Any CPU
		{A1B66B15-BDA3-4317-ACEF-6F0A348526A0}.Release|iPhoneSimulator.Build.0 = Release|Any CPU
		{A1B66B15-BDA3-4317-ACEF-6F0A348526A0}.Release|iPhoneSimulator.Deploy.0 = Release|Any CPU
	EndGlobalSection
	GlobalSection(SolutionProperties) = preSolution
		HideSolutionNode = FALSE
	EndGlobalSection
	GlobalSection(ExtensibilityGlobals) = postSolution
		SolutionGuid = {E65C1284-86EA-449D-9037-67215D7F873E}
	EndGlobalSection
EndGlobal
